
Microsoft Visual Studio Solution File, Format Version 12.00
# Visual Studio Version 16
VisualStudioVersion = 16.0.28705.295
MinimumVisualStudioVersion = 10.0.40219.1
Project("{FAE04EC0-301F-11D3-BF4B-00C04F79EFBC}") = "EventAppApi", "EventAppApi\EventAppApi.csproj", "{B522AF8A-93CD-43E5-9899-1A857E618848}"
EndProject
Global
	GlobalSection(SolutionConfigurationPlatforms) = preSolution
		Debug|Any CPU = Debug|Any CPU
		Release|Any CPU = Release|Any CPU
	EndGlobalSection
	GlobalSection(ProjectConfigurationPlatforms) = postSolution
		{B522AF8A-93CD-43E5-9899-1A857E618848}.Debug|Any CPU.ActiveCfg = Debug|Any CPU
		{B522AF8A-93CD-43E5-9899-1A857E618848}.Debug|Any CPU.Build.0 = Debug|Any CPU
		{B522AF8A-93CD-43E5-9899-1A857E618848}.Release|Any CPU.ActiveCfg = Release|Any CPU
		{B522AF8A-93CD-43E5-9899-1A857E618848}.Release|Any CPU.Build.0 = Release|Any CPU
	EndGlobalSection
	GlobalSection(SolutionProperties) = preSolution
		HideSolutionNode = FALSE
	EndGlobalSection
	GlobalSection(ExtensibilityGlobals) = postSolution
		SolutionGuid = {7543D3B5-F7F5-42AF-8045-0491979FE958}
	EndGlobalSection
EndGlobal
